
Microsoft Visual Studio Solution File, Format Version 12.00
# Visual Studio Version 16
VisualStudioVersion = 16.0.31829.152
MinimumVisualStudioVersion = 10.0.40219.1
Project("{9A19103F-16F7-4668-BE54-9A1E7A4F7556}") = "MandelbrotViewerOpenTK", "MandelbrotViewerOpenTK\MandelbrotViewerOpenTK.csproj", "{8E2246D0-A90E-40D8-93F4-C125AFB07D24}"
EndProject
Project("{2150E333-8FDC-42A3-9474-1A3956D46DE8}") = "Solution Items", "Solution Items", "{BE4E5082-0ABF-4752-BFC3-6FF3DAFC066F}"
	ProjectSection(SolutionItems) = preProject
		.editorconfig = .editorconfig
	EndProjectSection
EndProject
Global
	GlobalSection(SolutionConfigurationPlatforms) = preSolution
		Debug|Any CPU = Debug|Any CPU
		Release|Any CPU = Release|Any CPU
	EndGlobalSection
	GlobalSection(ProjectConfigurationPlatforms) = postSolution
		{8E2246D0-A90E-40D8-93F4-C125AFB07D24}.Debug|Any CPU.ActiveCfg = Debug|Any CPU
		{8E2246D0-A90E-40D8-93F4-C125AFB07D24}.Debug|Any CPU.Build.0 = Debug|Any CPU
		{8E2246D0-A90E-40D8-93F4-C125AFB07D24}.Release|Any CPU.ActiveCfg = Release|Any CPU
		{8E2246D0-A90E-40D8-93F4-C125AFB07D24}.Release|Any CPU.Build.0 = Release|Any CPU
	EndGlobalSection
	GlobalSection(SolutionProperties) = preSolution
		HideSolutionNode = FALSE
	EndGlobalSection
	GlobalSection(ExtensibilityGlobals) = postSolution
		SolutionGuid = {FE869A43-98D9-4BDC-A45C-FDDF8DC3E2E6}
	EndGlobalSection
EndGlobal
